
Microsoft Visual Studio Solution File, Format Version 12.00
# Visual Studio 15
Project("{FAE04EC0-301F-11D3-BF4B-00C04F79EFBC}") = "Assembly-CSharp", "Assembly-CSharp.csproj", "{A37F9F29-E792-41BD-AD2B-6DC670CDD01D}"
EndProject
Global
	GlobalSection(SolutionConfigurationPlatforms) = preSolution
		Debug|Any CPU = Debug|Any CPU
		Release|Any CPU = Release|Any CPU
	EndGlobalSection
	GlobalSection(ProjectConfigurationPlatforms) = postSolution
		{A37F9F29-E792-41BD-AD2B-6DC670CDD01D}.Debug|Any CPU.ActiveCfg = Debug|Any CPU
		{A37F9F29-E792-41BD-AD2B-6DC670CDD01D}.Debug|Any CPU.Build.0 = Debug|Any CPU
		{A37F9F29-E792-41BD-AD2B-6DC670CDD01D}.Release|Any CPU.ActiveCfg = Release|Any CPU
		{A37F9F29-E792-41BD-AD2B-6DC670CDD01D}.Release|Any CPU.Build.0 = Release|Any CPU
	EndGlobalSection
	GlobalSection(SolutionProperties) = preSolution
		HideSolutionNode = FALSE
	EndGlobalSection
EndGlobal
